
Microsoft Visual Studio Solution File, Format Version 12.00
# Visual Studio 14
VisualStudioVersion = 14.0.25420.1
MinimumVisualStudioVersion = 10.0.40219.1
Project("{FAE04EC0-301F-11D3-BF4B-00C04F79EFBC}") = "BLL", "BLL\BLL.csproj", "{84CC04BD-40B9-4DF8-B256-9363F18D3BD4}"
EndProject
Project("{FAE04EC0-301F-11D3-BF4B-00C04F79EFBC}") = "BOL", "BOL\BOL.csproj", "{278B1E08-66CE-4521-894C-3210162ED060}"
EndProject
Project("{FAE04EC0-301F-11D3-BF4B-00C04F79EFBC}") = "WEBPRES", "WEBPRES\WEBPRES.csproj", "{BB96CCA1-A1D2-4B7F-B7F5-E1EC56891888}"
EndProject
Global
	GlobalSection(SolutionConfigurationPlatforms) = preSolution
		Debug|Any CPU = Debug|Any CPU
		Release|Any CPU = Release|Any CPU
	EndGlobalSection
	GlobalSection(ProjectConfigurationPlatforms) = postSolution
		{84CC04BD-40B9-4DF8-B256-9363F18D3BD4}.Debug|Any CPU.ActiveCfg = Debug|Any CPU
		{84CC04BD-40B9-4DF8-B256-9363F18D3BD4}.Debug|Any CPU.Build.0 = Debug|Any CPU
		{84CC04BD-40B9-4DF8-B256-9363F18D3BD4}.Release|Any CPU.ActiveCfg = Release|Any CPU
		{84CC04BD-40B9-4DF8-B256-9363F18D3BD4}.Release|Any CPU.Build.0 = Release|Any CPU
		{278B1E08-66CE-4521-894C-3210162ED060}.Debug|Any CPU.ActiveCfg = Debug|Any CPU
		{278B1E08-66CE-4521-894C-3210162ED060}.Debug|Any CPU.Build.0 = Debug|Any CPU
		{278B1E08-66CE-4521-894C-3210162ED060}.Release|Any CPU.ActiveCfg = Release|Any CPU
		{278B1E08-66CE-4521-894C-3210162ED060}.Release|Any CPU.Build.0 = Release|Any CPU
		{BB96CCA1-A1D2-4B7F-B7F5-E1EC56891888}.Debug|Any CPU.ActiveCfg = Debug|Any CPU
		{BB96CCA1-A1D2-4B7F-B7F5-E1EC56891888}.Debug|Any CPU.Build.0 = Debug|Any CPU
		{BB96CCA1-A1D2-4B7F-B7F5-E1EC56891888}.Release|Any CPU.ActiveCfg = Release|Any CPU
		{BB96CCA1-A1D2-4B7F-B7F5-E1EC56891888}.Release|Any CPU.Build.0 = Release|Any CPU
	EndGlobalSection
	GlobalSection(SolutionProperties) = preSolution
		HideSolutionNode = FALSE
	EndGlobalSection
EndGlobal
